
Microsoft Visual Studio Solution File, Format Version 12.00
# Visual Studio Version 16
VisualStudioVersion = 16.0.30907.101
MinimumVisualStudioVersion = 10.0.40219.1
Project("{FAE04EC0-301F-11D3-BF4B-00C04F79EFBC}") = "lab4", "lab4.csproj", "{03A9E1C8-2AB7-4E90-B719-19E36EE7B51E}"
EndProject
Global
	GlobalSection(SolutionConfigurationPlatforms) = preSolution
		Debug|Any CPU = Debug|Any CPU
		Release|Any CPU = Release|Any CPU
	EndGlobalSection
	GlobalSection(ProjectConfigurationPlatforms) = postSolution
		{03A9E1C8-2AB7-4E90-B719-19E36EE7B51E}.Debug|Any CPU.ActiveCfg = Debug|Any CPU
		{03A9E1C8-2AB7-4E90-B719-19E36EE7B51E}.Debug|Any CPU.Build.0 = Debug|Any CPU
		{03A9E1C8-2AB7-4E90-B719-19E36EE7B51E}.Release|Any CPU.ActiveCfg = Release|Any CPU
		{03A9E1C8-2AB7-4E90-B719-19E36EE7B51E}.Release|Any CPU.Build.0 = Release|Any CPU
	EndGlobalSection
	GlobalSection(SolutionProperties) = preSolution
		HideSolutionNode = FALSE
	EndGlobalSection
	GlobalSection(ExtensibilityGlobals) = postSolution
		SolutionGuid = {FB668C79-9329-4129-BA20-D14B5BDD61C6}
	EndGlobalSection
EndGlobal
